
Microsoft Visual Studio Solution File, Format Version 12.00
# Visual Studio Version 17
VisualStudioVersion = 17.2.32616.157
MinimumVisualStudioVersion = 10.0.40219.1
Project("{FAE04EC0-301F-11D3-BF4B-00C04F79EFBC}") = "DesktopApp", "DesktopApp\DesktopApp.csproj", "{49F5A339-9690-4E47-A14A-2D827095B64B}"
EndProject
Global
	GlobalSection(SolutionConfigurationPlatforms) = preSolution
		Debug|Any CPU = Debug|Any CPU
		Release|Any CPU = Release|Any CPU
	EndGlobalSection
	GlobalSection(ProjectConfigurationPlatforms) = postSolution
		{49F5A339-9690-4E47-A14A-2D827095B64B}.Debug|Any CPU.ActiveCfg = Debug|Any CPU
		{49F5A339-9690-4E47-A14A-2D827095B64B}.Debug|Any CPU.Build.0 = Debug|Any CPU
		{49F5A339-9690-4E47-A14A-2D827095B64B}.Release|Any CPU.ActiveCfg = Release|Any CPU
		{49F5A339-9690-4E47-A14A-2D827095B64B}.Release|Any CPU.Build.0 = Release|Any CPU
	EndGlobalSection
	GlobalSection(SolutionProperties) = preSolution
		HideSolutionNode = FALSE
	EndGlobalSection
	GlobalSection(ExtensibilityGlobals) = postSolution
		SolutionGuid = {28F20A64-12EE-4AF6-9F94-3573385F6267}
	EndGlobalSection
EndGlobal
